// !$*UTF8*$!
{
	archiveVersion = 1;
	classes = {
	};
	objectVersion = 52;
	objects = {

/* Begin PBXBuildFile section */
		DE1495E8248BC6C8000597EA /* AppDelegate.swift in Sources */ = {isa = PBXBuildFile; fileRef = DE1495E7248BC6C8000597EA /* AppDelegate.swift */; };
		DE1495EA248BC6C8000597EA /* SceneDelegate.swift in Sources */ = {isa = PBXBuildFile; fileRef = DE1495E9248BC6C8000597EA /* SceneDelegate.swift */; };
		DE1495EE248BC6CB000597EA /* Assets.xcassets in Resources */ = {isa = PBXBuildFile; fileRef = DE1495ED248BC6CB000597EA /* Assets.xcassets */; };
		DE1495F1248BC6CB000597EA /* Preview Assets.xcassets in Resources */ = {isa = PBXBuildFile; fileRef = DE1495F0248BC6CB000597EA /* Preview Assets.xcassets */; };
		DE1495F4248BC6CB000597EA /* LaunchScreen.storyboard in Resources */ = {isa = PBXBuildFile; fileRef = DE1495F2248BC6CB000597EA /* LaunchScreen.storyboard */; };
		DE1495FC248BC739000597EA /* TodoListView.swift in Sources */ = {isa = PBXBuildFile; fileRef = DE1495FB248BC739000597EA /* TodoListView.swift */; };
		DE149600248BFC08000597EA /* TracedView.swift in Sources */ = {isa = PBXBuildFile; fileRef = DE1495FF248BFC08000597EA /* TracedView.swift */; };
		DE149616248C02CD000597EA /* TodoItemView.swift in Sources */ = {isa = PBXBuildFile; fileRef = DE149615248C02CD000597EA /* TodoItemView.swift */; };
		DE2BBD92248CCF6600793456 /* Recoil in Frameworks */ = {isa = PBXBuildFile; productRef = DE2BBD91248CCF6600793456 /* Recoil */; };
		DE2BBD94248CD15600793456 /* TodoListState.swift in Sources */ = {isa = PBXBuildFile; fileRef = DE2BBD93248CD15600793456 /* TodoListState.swift */; };
		DE2BBD96248CD1F500793456 /* FilterState.swift in Sources */ = {isa = PBXBuildFile; fileRef = DE2BBD95248CD1F500793456 /* FilterState.swift */; };
		DE2BBD98248CD36800793456 /* TodoFiltersView.swift in Sources */ = {isa = PBXBuildFile; fileRef = DE2BBD97248CD36800793456 /* TodoFiltersView.swift */; };
		DE2BBD9A248CDCB100793456 /* Types.swift in Sources */ = {isa = PBXBuildFile; fileRef = DE2BBD99248CDCB100793456 /* Types.swift */; };
		DE2BBD9C248CDDFC00793456 /* RootView.swift in Sources */ = {isa = PBXBuildFile; fileRef = DE2BBD9B248CDDFC00793456 /* RootView.swift */; };
/* End PBXBuildFile section */

/* Begin PBXFileReference section */
		DE1495E4248BC6C8000597EA /* RecoilDemo.app */ = {isa = PBXFileReference; explicitFileType = wrapper.application; includeInIndex = 0; path = RecoilDemo.app; sourceTree = BUILT_PRODUCTS_DIR; };
		DE1495E7248BC6C8000597EA /* AppDelegate.swift */ = {isa = PBXFileReference; lastKnownFileType = sourcecode.swift; path = AppDelegate.swift; sourceTree = "<group>"; };
		DE1495E9248BC6C8000597EA /* SceneDelegate.swift */ = {isa = PBXFileReference; lastKnownFileType = sourcecode.swift; path = SceneDelegate.swift; sourceTree = "<group>"; };
		DE1495ED248BC6CB000597EA /* Assets.xcassets */ = {isa = PBXFileReference; lastKnownFileType = folder.assetcatalog; path = Assets.xcassets; sourceTree = "<group>"; };
		DE1495F0248BC6CB000597EA /* Preview Assets.xcassets */ = {isa = PBXFileReference; lastKnownFileType = folder.assetcatalog; path = "Preview Assets.xcassets"; sourceTree = "<group>"; };
		DE1495F3248BC6CB000597EA /* Base */ = {isa = PBXFileReference; lastKnownFileType = file.storyboard; name = Base; path = Base.lproj/LaunchScreen.storyboard; sourceTree = "<group>"; };
		DE1495F5248BC6CB000597EA /* Info.plist */ = {isa = PBXFileReference; lastKnownFileType = text.plist.xml; path = Info.plist; sourceTree = "<group>"; };
		DE1495FB248BC739000597EA /* TodoListView.swift */ = {isa = PBXFileReference; lastKnownFileType = sourcecode.swift; path = TodoListView.swift; sourceTree = "<group>"; };
		DE1495FF248BFC08000597EA /* TracedView.swift */ = {isa = PBXFileReference; lastKnownFileType = sourcecode.swift; path = TracedView.swift; sourceTree = "<group>"; };
		DE149615248C02CD000597EA /* TodoItemView.swift */ = {isa = PBXFileReference; lastKnownFileType = sourcecode.swift; path = TodoItemView.swift; sourceTree = "<group>"; };
		DE149618248CCE50000597EA /* Recoil */ = {isa = PBXFileReference; lastKnownFileType = folder; path = Recoil; sourceTree = "<group>"; };
		DE2BBD93248CD15600793456 /* TodoListState.swift */ = {isa = PBXFileReference; lastKnownFileType = sourcecode.swift; path = TodoListState.swift; sourceTree = "<group>"; };
		DE2BBD95248CD1F500793456 /* FilterState.swift */ = {isa = PBXFileReference; lastKnownFileType = sourcecode.swift; path = FilterState.swift; sourceTree = "<group>"; };
		DE2BBD97248CD36800793456 /* TodoFiltersView.swift */ = {isa = PBXFileReference; lastKnownFileType = sourcecode.swift; path = TodoFiltersView.swift; sourceTree = "<group>"; };
		DE2BBD99248CDCB100793456 /* Types.swift */ = {isa = PBXFileReference; lastKnownFileType = sourcecode.swift; path = Types.swift; sourceTree = "<group>"; };
		DE2BBD9B248CDDFC00793456 /* RootView.swift */ = {isa = PBXFileReference; lastKnownFileType = sourcecode.swift; path = RootView.swift; sourceTree = "<group>"; };
/* End PBXFileReference section */

/* Begin PBXFrameworksBuildPhase section */
		DE1495E1248BC6C8000597EA /* Frameworks */ = {
			isa = PBXFrameworksBuildPhase;
			buildActionMask = 2147483647;
			files = (
				DE2BBD92248CCF6600793456 /* Recoil in Frameworks */,
			);
			runOnlyForDeploymentPostprocessing = 0;
		};
/* End PBXFrameworksBuildPhase section */

/* Begin PBXGroup section */
		DE1495DB248BC6C8000597EA = {
			isa = PBXGroup;
			children = (
				DE149618248CCE50000597EA /* Recoil */,
				DE1495E6248BC6C8000597EA /* RecoilDemo */,
				DE1495E5248BC6C8000597EA /* Products */,
				DE2BBD90248CCF6600793456 /* Frameworks */,
			);
			sourceTree = "<group>";
		};
		DE1495E5248BC6C8000597EA /* Products */ = {
			isa = PBXGroup;
			children = (
				DE1495E4248BC6C8000597EA /* RecoilDemo.app */,
			);
			name = Products;
			sourceTree = "<group>";
		};
		DE1495E6248BC6C8000597EA /* RecoilDemo */ = {
			isa = PBXGroup;
			children = (
				DE1495F5248BC6CB000597EA /* Info.plist */,
				DE1495ED248BC6CB000597EA /* Assets.xcassets */,
				DE1495F2248BC6CB000597EA /* LaunchScreen.storyboard */,
				DE149611248C028D000597EA /* Other */,
				DE149617248C02F2000597EA /* State */,
				DE149610248C0277000597EA /* Views */,
				DE1495EF248BC6CB000597EA /* Preview Content */,
				DE2BBD99248CDCB100793456 /* Types.swift */,
			);
			path = RecoilDemo;
			sourceTree = "<group>";
		};
		DE1495EF248BC6CB000597EA /* Preview Content */ = {
			isa = PBXGroup;
			children = (
				DE1495F0248BC6CB000597EA /* Preview Assets.xcassets */,
			);
			path = "Preview Content";
			sourceTree = "<group>";
		};
		DE149610248C0277000597EA /* Views */ = {
			isa = PBXGroup;
			children = (
				DE1495FB248BC739000597EA /* TodoListView.swift */,
				DE2BBD9B248CDDFC00793456 /* RootView.swift */,
				DE2BBD97248CD36800793456 /* TodoFiltersView.swift */,
				DE149615248C02CD000597EA /* TodoItemView.swift */,
			);
			path = Views;
			sourceTree = "<group>";
		};
		DE149611248C028D000597EA /* Other */ = {
			isa = PBXGroup;
			children = (
				DE1495E7248BC6C8000597EA /* AppDelegate.swift */,
				DE1495E9248BC6C8000597EA /* SceneDelegate.swift */,
				DE1495FF248BFC08000597EA /* TracedView.swift */,
			);
			path = Other;
			sourceTree = "<group>";
		};
		DE149617248C02F2000597EA /* State */ = {
			isa = PBXGroup;
			children = (
				DE2BBD93248CD15600793456 /* TodoListState.swift */,
				DE2BBD95248CD1F500793456 /* FilterState.swift */,
			);
			path = State;
			sourceTree = "<group>";
		};
		DE2BBD90248CCF6600793456 /* Frameworks */ = {
			isa = PBXGroup;
			children = (
			);
			name = Frameworks;
			sourceTree = "<group>";
		};
/* End PBXGroup section */

/* Begin PBXNativeTarget section */
		DE1495E3248BC6C8000597EA /* RecoilDemo */ = {
			isa = PBXNativeTarget;
			buildConfigurationList = DE1495F8248BC6CB000597EA /* Build configuration list for PBXNativeTarget "RecoilDemo" */;
			buildPhases = (
				DE1495E0248BC6C8000597EA /* Sources */,
				DE1495E1248BC6C8000597EA /* Frameworks */,
				DE1495E2248BC6C8000597EA /* Resources */,
			);
			buildRules = (
			);
			dependencies = (
			);
			name = RecoilDemo;
			packageProductDependencies = (
				DE2BBD91248CCF6600793456 /* Recoil */,
			);
			productName = RecoilDemo;
			productReference = DE1495E4248BC6C8000597EA /* RecoilDemo.app */;
			productType = "com.apple.product-type.application";
		};
/* End PBXNativeTarget section */

/* Begin PBXProject section */
		DE1495DC248BC6C8000597EA /* Project object */ = {
			isa = PBXProject;
			attributes = {
				LastSwiftUpdateCheck = 1150;
				LastUpgradeCheck = 1150;
				ORGANIZATIONNAME = "Alexey Demedeckiy";
				TargetAttributes = {
					DE1495E3248BC6C8000597EA = {
						CreatedOnToolsVersion = 11.5;
					};
				};
			};
			buildConfigurationList = DE1495DF248BC6C8000597EA /* Build configuration list for PBXProject "RecoilDemo" */;
			compatibilityVersion = "Xcode 9.3";
			developmentRegion = en;
			hasScannedForEncodings = 0;
			knownRegions = (
				en,
				Base,
			);
			mainGroup = DE1495DB248BC6C8000597EA;
			productRefGroup = DE1495E5248BC6C8000597EA /* Products */;
			projectDirPath = "";
			projectRoot = "";
			targets = (
				DE1495E3248BC6C8000597EA /* RecoilDemo */,
			);
		};
/* End PBXProject section */

/* Begin PBXResourcesBuildPhase section */
		DE1495E2248BC6C8000597EA /* Resources */ = {
			isa = PBXResourcesBuildPhase;
			buildActionMask = 2147483647;
			files = (
				DE1495F4248BC6CB000597EA /* LaunchScreen.storyboard in Resources */,
				DE1495F1248BC6CB000597EA /* Preview Assets.xcassets in Resources */,
				DE1495EE248BC6CB000597EA /* Assets.xcassets in Resources */,
			);
			runOnlyForDeploymentPostprocessing = 0;
		};
/* End PBXResourcesBuildPhase section */

/* Begin PBXSourcesBuildPhase section */
		DE1495E0248BC6C8000597EA /* Sources */ = {
			isa = PBXSourcesBuildPhase;
			buildActionMask = 2147483647;
			files = (
				DE1495E8248BC6C8000597EA /* AppDelegate.swift in Sources */,
				DE2BBD96248CD1F500793456 /* FilterState.swift in Sources */,
				DE2BBD98248CD36800793456 /* TodoFiltersView.swift in Sources */,
				DE149600248BFC08000597EA /* TracedView.swift in Sources */,
				DE2BBD9C248CDDFC00793456 /* RootView.swift in Sources */,
				DE1495EA248BC6C8000597EA /* SceneDelegate.swift in Sources */,
				DE2BBD94248CD15600793456 /* TodoListState.swift in Sources */,
				DE2BBD9A248CDCB100793456 /* Types.swift in Sources */,
				DE149616248C02CD000597EA /* TodoItemView.swift in Sources */,
				DE1495FC248BC739000597EA /* TodoListView.swift in Sources */,
			);
			runOnlyForDeploymentPostprocessing = 0;
		};
/* End PBXSourcesBuildPhase section */

/* Begin PBXVariantGroup section */
		DE1495F2248BC6CB000597EA /* LaunchScreen.storyboard */ = {
			isa = PBXVariantGroup;
			children = (
				DE1495F3248BC6CB000597EA /* Base */,
			);
			name = LaunchScreen.storyboard;
			sourceTree = "<group>";
		};
/* End PBXVariantGroup section */

/* Begin XCBuildConfiguration section */
		DE1495F6248BC6CB000597EA /* Debug */ = {
			isa = XCBuildConfiguration;
			buildSettings = {
				ALWAYS_SEARCH_USER_PATHS = NO;
				CLANG_ANALYZER_NONNULL = YES;
				CLANG_ANALYZER_NUMBER_OBJECT_CONVERSION = YES_AGGRESSIVE;
				CLANG_CXX_LANGUAGE_STANDARD = "gnu++14";
				CLANG_CXX_LIBRARY = "libc++";
				CLANG_ENABLE_MODULES = YES;
				CLANG_ENABLE_OBJC_ARC = YES;
				CLANG_ENABLE_OBJC_WEAK = YES;
				CLANG_WARN_BLOCK_CAPTURE_AUTORELEASING = YES;
				CLANG_WARN_BOOL_CONVERSION = YES;
				CLANG_WARN_COMMA = YES;
				CLANG_WARN_CONSTANT_CONVERSION = YES;
				CLANG_WARN_DEPRECATED_OBJC_IMPLEMENTATIONS = YES;
				CLANG_WARN_DIRECT_OBJC_ISA_USAGE = YES_ERROR;
				CLANG_WARN_DOCUMENTATION_COMMENTS = YES;
				CLANG_WARN_EMPTY_BODY = YES;
				CLANG_WARN_ENUM_CONVERSION = YES;
				CLANG_WARN_INFINITE_RECURSION = YES;
				CLANG_WARN_INT_CONVERSION = YES;
				CLANG_WARN_NON_LITERAL_NULL_CONVERSION = YES;
				CLANG_WARN_OBJC_IMPLICIT_RETAIN_SELF = YES;
				CLANG_WARN_OBJC_LITERAL_CONVERSION = YES;
				CLANG_WARN_OBJC_ROOT_CLASS = YES_ERROR;
				CLANG_WARN_RANGE_LOOP_ANALYSIS = YES;
				CLANG_WARN_STRICT_PROTOTYPES = YES;
				CLANG_WARN_SUSPICIOUS_MOVE = YES;
				CLANG_WARN_UNGUARDED_AVAILABILITY = YES_AGGRESSIVE;
				CLANG_WARN_UNREACHABLE_CODE = YES;
				CLANG_WARN__DUPLICATE_METHOD_MATCH = YES;
				COPY_PHASE_STRIP = NO;
				DEBUG_INFORMATION_FORMAT = dwarf;
				ENABLE_STRICT_OBJC_MSGSEND = YES;
				ENABLE_TESTABILITY = YES;
				GCC_C_LANGUAGE_STANDARD = gnu11;
				GCC_DYNAMIC_NO_PIC = NO;
				GCC_NO_COMMON_BLOCKS = YES;
				GCC_OPTIMIZATION_LEVEL = 0;
				GCC_PREPROCESSOR_DEFINITIONS = (
					"DEBUG=1",
					"$(inherited)",
				);
				GCC_WARN_64_TO_32_BIT_CONVERSION = YES;
				GCC_WARN_ABOUT_RETURN_TYPE = YES_ERROR;
				GCC_WARN_UNDECLARED_SELECTOR = YES;
				GCC_WARN_UNINITIALIZED_AUTOS = YES_AGGRESSIVE;
				GCC_WARN_UNUSED_FUNCTION = YES;
				GCC_WARN_UNUSED_VARIABLE = YES;
				IPHONEOS_DEPLOYMENT_TARGET = 13.5;
				MTL_ENABLE_DEBUG_INFO = INCLUDE_SOURCE;
				MTL_FAST_MATH = YES;
				ONLY_ACTIVE_ARCH = YES;
				SDKROOT = iphoneos;
				SWIFT_ACTIVE_COMPILATION_CONDITIONS = DEBUG;
				SWIFT_OPTIMIZATION_LEVEL = "-Onone";
			};
			name = Debug;
		};
		DE1495F7248BC6CB000597EA /* Release */ = {
			isa = XCBuildConfiguration;
			buildSettings = {
				ALWAYS_SEARCH_USER_PATHS = NO;
				CLANG_ANALYZER_NONNULL = YES;
				CLANG_ANALYZER_NUMBER_OBJECT_CONVERSION = YES_AGGRESSIVE;
				CLANG_CXX_LANGUAGE_STANDARD = "gnu++14";
				CLANG_CXX_LIBRARY = "libc++";
				CLANG_ENABLE_MODULES = YES;
				CLANG_ENABLE_OBJC_ARC = YES;
				CLANG_ENABLE_OBJC_WEAK = YES;
				CLANG_WARN_BLOCK_CAPTURE_AUTORELEASING = YES;
				CLANG_WARN_BOOL_CONVERSION = YES;
				CLANG_WARN_COMMA = YES;
				CLANG_WARN_CONSTANT_CONVERSION = YES;
				CLANG_WARN_DEPRECATED_OBJC_IMPLEMENTATIONS = YES;
				CLANG_WARN_DIRECT_OBJC_ISA_USAGE = YES_ERROR;
				CLANG_WARN_DOCUMENTATION_COMMENTS = YES;
				CLANG_WARN_EMPTY_BODY = YES;
				CLANG_WARN_ENUM_CONVERSION = YES;
				CLANG_WARN_INFINITE_RECURSION = YES;
				CLANG_WARN_INT_CONVERSION = YES;
				CLANG_WARN_NON_LITERAL_NULL_CONVERSION = YES;
				CLANG_WARN_OBJC_IMPLICIT_RETAIN_SELF = YES;
				CLANG_WARN_OBJC_LITERAL_CONVERSION = YES;
				CLANG_WARN_OBJC_ROOT_CLASS = YES_ERROR;
				CLANG_WARN_RANGE_LOOP_ANALYSIS = YES;
				CLANG_WARN_STRICT_PROTOTYPES = YES;
				CLANG_WARN_SUSPICIOUS_MOVE = YES;
				CLANG_WARN_UNGUARDED_AVAILABILITY = YES_AGGRESSIVE;
				CLANG_WARN_UNREACHABLE_CODE = YES;
				CLANG_WARN__DUPLICATE_METHOD_MATCH = YES;
				COPY_PHASE_STRIP = NO;
				DEBUG_INFORMATION_FORMAT = "dwarf-with-dsym";
				ENABLE_NS_ASSERTIONS = NO;
				ENABLE_STRICT_OBJC_MSGSEND = YES;
				GCC_C_LANGUAGE_STANDARD = gnu11;
				GCC_NO_COMMON_BLOCKS = YES;
				GCC_WARN_64_TO_32_BIT_CONVERSION = YES;
				GCC_WARN_ABOUT_RETURN_TYPE = YES_ERROR;
				GCC_WARN_UNDECLARED_SELECTOR = YES;
				GCC_WARN_UNINITIALIZED_AUTOS = YES_AGGRESSIVE;
				GCC_WARN_UNUSED_FUNCTION = YES;
				GCC_WARN_UNUSED_VARIABLE = YES;
				IPHONEOS_DEPLOYMENT_TARGET = 13.5;
				MTL_ENABLE_DEBUG_INFO = NO;
				MTL_FAST_MATH = YES;
				SDKROOT = iphoneos;
				SWIFT_COMPILATION_MODE = wholemodule;
				SWIFT_OPTIMIZATION_LEVEL = "-O";
				VALIDATE_PRODUCT = YES;
			};
			name = Release;
		};
		DE1495F9248BC6CB000597EA /* Debug */ = {
			isa = XCBuildConfiguration;
			buildSettings = {
				ASSETCATALOG_COMPILER_APPICON_NAME = AppIcon;
				CODE_SIGN_STYLE = Automatic;
				DEVELOPMENT_ASSET_PATHS = "\"RecoilDemo/Preview Content\"";
				ENABLE_PREVIEWS = YES;
				INFOPLIST_FILE = RecoilDemo/Info.plist;
				LD_RUNPATH_SEARCH_PATHS = (
					"$(inherited)",
					"@executable_path/Frameworks",
				);
				PRODUCT_BUNDLE_IDENTIFIER = com.demedeckiy.RecoilDemo;
				PRODUCT_NAME = "$(TARGET_NAME)";
				SWIFT_VERSION = 5.0;
				TARGETED_DEVICE_FAMILY = "1,2";
			};
			name = Debug;
		};
		DE1495FA248BC6CB000597EA /* Release */ = {
			isa = XCBuildConfiguration;
			buildSettings = {
				ASSETCATALOG_COMPILER_APPICON_NAME = AppIcon;
				CODE_SIGN_STYLE = Automatic;
				DEVELOPMENT_ASSET_PATHS = "\"RecoilDemo/Preview Content\"";
				ENABLE_PREVIEWS = YES;
				INFOPLIST_FILE = RecoilDemo/Info.plist;
				LD_RUNPATH_SEARCH_PATHS = (
					"$(inherited)",
					"@executable_path/Frameworks",
				);
				PRODUCT_BUNDLE_IDENTIFIER = com.demedeckiy.RecoilDemo;
				PRODUCT_NAME = "$(TARGET_NAME)";
				SWIFT_VERSION = 5.0;
				TARGETED_DEVICE_FAMILY = "1,2";
			};
			name = Release;
		};
/* End XCBuildConfiguration section */

/* Begin XCConfigurationList section */
		DE1495DF248BC6C8000597EA /* Build configuration list for PBXProject "RecoilDemo" */ = {
			isa = XCConfigurationList;
			buildConfigurations = (
				DE1495F6248BC6CB000597EA /* Debug */,
				DE1495F7248BC6CB000597EA /* Release */,
			);
			defaultConfigurationIsVisible = 0;
			defaultConfigurationName = Release;
		};
		DE1495F8248BC6CB000597EA /* Build configuration list for PBXNativeTarget "RecoilDemo" */ = {
			isa = XCConfigurationList;
			buildConfigurations = (
				DE1495F9248BC6CB000597EA /* Debug */,
				DE1495FA248BC6CB000597EA /* Release */,
			);
			defaultConfigurationIsVisible = 0;
			defaultConfigurationName = Release;
		};
/* End XCConfigurationList section */

/* Begin XCSwiftPackageProductDependency section */
		DE2BBD91248CCF6600793456 /* Recoil */ = {
			isa = XCSwiftPackageProductDependency;
			productName = Recoil;
		};
/* End XCSwiftPackageProductDependency section */
	};
	rootObject = DE1495DC248BC6C8000597EA /* Project object */;
}
